
Microsoft Visual Studio Solution File, Format Version 12.00
# Visual Studio Version 17
VisualStudioVersion = 17.5.33530.505
MinimumVisualStudioVersion = 10.0.40219.1
Project("{9A19103F-16F7-4668-BE54-9A1E7A4F7556}") = "ProjetWeb", "ProjetWeb\ProjetWeb.csproj", "{CD62C642-7BE0-41F3-8F40-DA984290F3E3}"
EndProject
Global
	GlobalSection(SolutionConfigurationPlatforms) = preSolution
		Debug|Any CPU = Debug|Any CPU
		Prod|Any CPU = Prod|Any CPU
		Release|Any CPU = Release|Any CPU
	EndGlobalSection
	GlobalSection(ProjectConfigurationPlatforms) = postSolution
		{CD62C642-7BE0-41F3-8F40-DA984290F3E3}.Debug|Any CPU.ActiveCfg = Debug|Any CPU
		{CD62C642-7BE0-41F3-8F40-DA984290F3E3}.Debug|Any CPU.Build.0 = Debug|Any CPU
		{CD62C642-7BE0-41F3-8F40-DA984290F3E3}.Prod|Any CPU.ActiveCfg = Prod|Any CPU
		{CD62C642-7BE0-41F3-8F40-DA984290F3E3}.Prod|Any CPU.Build.0 = Prod|Any CPU
		{CD62C642-7BE0-41F3-8F40-DA984290F3E3}.Release|Any CPU.ActiveCfg = Release|Any CPU
		{CD62C642-7BE0-41F3-8F40-DA984290F3E3}.Release|Any CPU.Build.0 = Release|Any CPU
	EndGlobalSection
	GlobalSection(SolutionProperties) = preSolution
		HideSolutionNode = FALSE
	EndGlobalSection
	GlobalSection(ExtensibilityGlobals) = postSolution
		SolutionGuid = {A0DC8A41-BE53-4DFD-8753-E0874F767F77}
	EndGlobalSection
EndGlobal
